
Microsoft Visual Studio Solution File, Format Version 12.00
# Visual Studio 15
VisualStudioVersion = 15.0.28307.421
MinimumVisualStudioVersion = 10.0.40219.1
Project("{FAE04EC0-301F-11D3-BF4B-00C04F79EFBC}") = "ImPort", "ImPort\ImPort.csproj", "{1B1C7E51-29E1-45CF-9703-3650A9A1061B}"
EndProject
Global
	GlobalSection(SolutionConfigurationPlatforms) = preSolution
		Debug|Any CPU = Debug|Any CPU
		Release|Any CPU = Release|Any CPU
	EndGlobalSection
	GlobalSection(ProjectConfigurationPlatforms) = postSolution
		{1B1C7E51-29E1-45CF-9703-3650A9A1061B}.Debug|Any CPU.ActiveCfg = Debug|Any CPU
		{1B1C7E51-29E1-45CF-9703-3650A9A1061B}.Debug|Any CPU.Build.0 = Debug|Any CPU
		{1B1C7E51-29E1-45CF-9703-3650A9A1061B}.Release|Any CPU.ActiveCfg = Release|Any CPU
		{1B1C7E51-29E1-45CF-9703-3650A9A1061B}.Release|Any CPU.Build.0 = Release|Any CPU
	EndGlobalSection
	GlobalSection(SolutionProperties) = preSolution
		HideSolutionNode = FALSE
	EndGlobalSection
	GlobalSection(ExtensibilityGlobals) = postSolution
		SolutionGuid = {388EAFDA-03B1-4567-ABA2-BA42A0FBC065}
	EndGlobalSection
EndGlobal
